# THIS IS AN AUTOGENERATED FILE. DO NOT EDIT THIS FILE DIRECTLY.
# yarn lockfile v1


dgram@^1.0.1:
  version "1.0.1"
  resolved "https://registry.npm.biggersoft.com/dgram/download/dgram-1.0.1.tgz#37f3b200f8033a5ff759303089c81ce361b651c3"

dns-packet@^1.2.2:
  version "1.2.2"
  resolved "https://registry.npm.biggersoft.com/dns-packet/download/dns-packet-1.2.2.tgz#a8a26bec7646438963fc86e06f8f8b16d6c8bf7a"
  dependencies:
    ip "^1.1.0"
    safe-buffer "^5.0.1"

ip@^1.1.0:
  version "1.1.5"
  resolved "https://registry.npm.biggersoft.com/ip/download/ip-1.1.5.tgz#bdded70114290828c0a039e72ef25f5aaec4354a"

safe-buffer@^5.0.1:
  version "5.1.1"
  resolved "https://registry.npm.biggersoft.com/safe-buffer/download/safe-buffer-5.1.1.tgz#893312af69b2123def71f57889001671eeb2c853"
